
Microsoft Visual Studio Solution File, Format Version 12.00
# Visual Studio Version 16
VisualStudioVersion = 16.0.31624.102
MinimumVisualStudioVersion = 10.0.40219.1
Project("{9A19103F-16F7-4668-BE54-9A1E7A4F7556}") = "ConsoleApp1", "ConsoleApp1\ConsoleApp1.csproj", "{4A4C9BC7-DC97-4AF5-B233-696A7D518518}"
EndProject
Project("{FAE04EC0-301F-11D3-BF4B-00C04F79EFBC}") = "zadania_domowe", "zadania_domowe\zadania_domowe.csproj", "{17CE4AFA-ACE9-4F37-8CE0-3FBA1EAA25E7}"
EndProject
Global
	GlobalSection(SolutionConfigurationPlatforms) = preSolution
		Debug|Any CPU = Debug|Any CPU
		Release|Any CPU = Release|Any CPU
	EndGlobalSection
	GlobalSection(ProjectConfigurationPlatforms) = postSolution
		{4A4C9BC7-DC97-4AF5-B233-696A7D518518}.Debug|Any CPU.ActiveCfg = Debug|Any CPU
		{4A4C9BC7-DC97-4AF5-B233-696A7D518518}.Debug|Any CPU.Build.0 = Debug|Any CPU
		{4A4C9BC7-DC97-4AF5-B233-696A7D518518}.Release|Any CPU.ActiveCfg = Release|Any CPU
		{4A4C9BC7-DC97-4AF5-B233-696A7D518518}.Release|Any CPU.Build.0 = Release|Any CPU
		{17CE4AFA-ACE9-4F37-8CE0-3FBA1EAA25E7}.Debug|Any CPU.ActiveCfg = Debug|Any CPU
		{17CE4AFA-ACE9-4F37-8CE0-3FBA1EAA25E7}.Debug|Any CPU.Build.0 = Debug|Any CPU
		{17CE4AFA-ACE9-4F37-8CE0-3FBA1EAA25E7}.Release|Any CPU.ActiveCfg = Release|Any CPU
		{17CE4AFA-ACE9-4F37-8CE0-3FBA1EAA25E7}.Release|Any CPU.Build.0 = Release|Any CPU
	EndGlobalSection
	GlobalSection(SolutionProperties) = preSolution
		HideSolutionNode = FALSE
	EndGlobalSection
	GlobalSection(ExtensibilityGlobals) = postSolution
		SolutionGuid = {F197F341-3BE1-4856-B28D-8F40F9C5294B}
	EndGlobalSection
EndGlobal
